<?xml version="1.0" encoding="UTF-8" standalone="yes" ?>
<CodeBlocks_project_file>
	<FileVersion major="1" minor="6" />
	<Project>
		<Option title="CvGameCoreDLL" />
		<Option pch_mode="2" />
		<Option compiler="msvctk" />
		<Build>
			<Target title="Debug Win32">
				<Option type="4" />
				<Option compiler="msvctk" />
			</Target>
			<Target title="Final_Release Win32">
				<Option type="4" />
				<Option compiler="msvctk" />
			</Target>
		</Build>
		<Unit filename="Makefile" />
		<Unit filename="readme.txt" />
		<Unit filename="Text Search key.txt" />
		<Unit filename="_precompile.cpp" />
		<Unit filename="CvArea.cpp" />
		<Unit filename="CvArtFileMgr.cpp" />
		<Unit filename="CvCity.cpp" />
		<Unit filename="CvCityAI.cpp" />
		<Unit filename="CvDeal.cpp" />
		<Unit filename="CvDiploParameters.cpp" />
		<Unit filename="CvDLLButtonPopup.cpp" />
		<Unit filename="CvDLLEntity.cpp" />
		<Unit filename="CvDLLPython.cpp" />
		<Unit filename="CvDllPythonEvents.cpp" />
		<Unit filename="CvDllTranslator.cpp" />
		<Unit filename="CvDLLWidgetData.cpp" />
		<Unit filename="CvEventReporter.cpp" />
		<Unit filename="CvFractal.cpp" />
		<Unit filename="CvGame.cpp" />
		<Unit filename="CvGameAI.cpp" />
		<Unit filename="CvGameCoreDLL.cpp" />
		<Unit filename="CvGameCoreUtils.cpp" />
		<Unit filename="CvGameInterface.cpp" />
		<Unit filename="CvGameTextMgr.cpp" />
		<Unit filename="CvGlobals.cpp" />
		<Unit filename="CvHallOfFameInfo.cpp" />
		<Unit filename="CvInfos.cpp" />
		<Unit filename="CvInfoWater.cpp" />
		<Unit filename="CvInitCore.cpp" />
		<Unit filename="CvMap.cpp" />
		<Unit filename="CvMapGenerator.cpp" />
		<Unit filename="CvMessageControl.cpp" />
		<Unit filename="CvMessageData.cpp" />
		<Unit filename="CvPlayer.cpp" />
		<Unit filename="CvPlayerAI.cpp" />
		<Unit filename="CvPlot.cpp" />
		<Unit filename="CvPlotGroup.cpp" />
		<Unit filename="CvPopupInfo.cpp" />
		<Unit filename="CvPopupReturn.cpp" />
		<Unit filename="CvRandom.cpp" />
		<Unit filename="CvReplayInfo.cpp" />
		<Unit filename="CvReplayMessage.cpp" />
		<Unit filename="CvSelectionGroup.cpp" />
		<Unit filename="CvSelectionGroupAI.cpp" />
		<Unit filename="CvStatistics.cpp" />
		<Unit filename="CvStructs.cpp" />
		<Unit filename="CvTalkingHeadMessage.cpp" />
		<Unit filename="CvTeam.cpp" />
		<Unit filename="CvTeamAI.cpp" />
		<Unit filename="CvUnit.cpp" />
		<Unit filename="CvUnitAI.cpp" />
		<Unit filename="CvXMLLoadUtility.cpp" />
		<Unit filename="CvXMLLoadUtilityGet.cpp" />
		<Unit filename="CvXMLLoadUtilityInit.cpp" />
		<Unit filename="CvXMLLoadUtilityModTools.cpp" />
		<Unit filename="CvXMLLoadUtilitySet.cpp" />
		<Unit filename="CvXMLLoadUtilitySetMod.cpp" />
		<Unit filename="CyArea.cpp" />
		<Unit filename="CyAreaInterface.cpp" />
		<Unit filename="CyArgsList.cpp" />
		<Unit filename="CyArtFileMgr.cpp" />
		<Unit filename="CyArtFileMgrInterface.cpp" />
		<Unit filename="CyCity.cpp" />
		<Unit filename="CyCityInterface1.cpp" />
		<Unit filename="CyDeal.cpp" />
		<Unit filename="CyEnumsInterface.cpp" />
		<Unit filename="CyGame.cpp" />
		<Unit filename="CyGameCoreUtils.cpp" />
		<Unit filename="CyGameCoreUtilsInterface.cpp" />
		<Unit filename="CyGameInterface.cpp" />
		<Unit filename="CyGameTextMgr.cpp" />
		<Unit filename="CyGameTextMgrInterface.cpp" />
		<Unit filename="CyGlobalContext.cpp" />
		<Unit filename="CyGlobalContextInterface1.cpp" />
		<Unit filename="CyGlobalContextInterface2.cpp" />
		<Unit filename="CyGlobalContextInterface3.cpp" />
		<Unit filename="CyGlobalContextInterface4.cpp" />
		<Unit filename="CyHallOfFameInfo.cpp" />
		<Unit filename="CyHallOfFameInterface.cpp" />
		<Unit filename="CyInfoInterface1.cpp" />
		<Unit filename="CyInfoInterface2.cpp" />
		<Unit filename="CyInfoInterface3.cpp" />
		<Unit filename="CyMap.cpp" />
		<Unit filename="CyMapGenerator.cpp" />
		<Unit filename="CyMapGeneratorInterface.cpp" />
		<Unit filename="CyMapInterface1.cpp" />
		<Unit filename="CyMapInterface2.cpp" />
		<Unit filename="CyMessageControl.cpp" />
		<Unit filename="CyMessageControlInterface.cpp" />
		<Unit filename="CyPlayer.cpp" />
		<Unit filename="CyPlayerInterface1.cpp" />
		<Unit filename="CyPlayerInterface2.cpp" />
		<Unit filename="CyPlot.cpp" />
		<Unit filename="CyPlotInterface1.cpp" />
		<Unit filename="CyRandomInterface.cpp" />
		<Unit filename="CyReplayInfo.cpp" />
		<Unit filename="CySelectionGroup.cpp" />
		<Unit filename="CySelectionGroupInterface.cpp" />
		<Unit filename="CyStructsInterface1.cpp" />
		<Unit filename="CyTeam.cpp" />
		<Unit filename="CyTeamInterface.cpp" />
		<Unit filename="CyUnit.cpp" />
		<Unit filename="CyUnitInterface1.cpp" />
		<Unit filename="FAssert.cpp" />
		<Unit filename="FDialogTemplate.cpp" />
		<Unit filename="AI_Defines.h" />
		<Unit filename="CvArea.h" />
		<Unit filename="CvArtFileMgr.h" />
		<Unit filename="CvCity.h" />
		<Unit filename="CvCityAI.h" />
		<Unit filename="CvDeal.h" />
		<Unit filename="CvDefines.h" />
		<Unit filename="CvDiploParameters.h" />
		<Unit filename="CvDLLButtonPopup.h" />
		<Unit filename="CvDLLDataStreamIFaceBase.h" />
		<Unit filename="CvDLLEngineIFaceBase.h" />
		<Unit filename="CvDLLEntity.h" />
		<Unit filename="CvDLLEntityIFaceBase.h" />
		<Unit filename="CvDLLEventReporterIFaceBase.h" />
		<Unit filename="CvDLLFAStarIFaceBase.h" />
		<Unit filename="CvDLLFlagEntityIFaceBase.h" />
		<Unit filename="CvDLLIniParserIFaceBase.h" />
		<Unit filename="CvDLLInterfaceIFaceBase.h" />
		<Unit filename="CvDLLPlotBuilderIFaceBase.h" />
		<Unit filename="CvDllPythonEvents.h" />
		<Unit filename="CvDLLPythonIFaceBase.h" />
		<Unit filename="CvDLLSymbolIFaceBase.h" />
		<Unit filename="CvDllTranslator.h" />
		<Unit filename="CvDLLUtilityIFaceBase.h" />
		<Unit filename="CvDLLWidgetData.h" />
		<Unit filename="CvDLLXMLIFaceBase.h" />
		<Unit filename="CvEnums.h" />
		<Unit filename="CvEventReporter.h" />
		<Unit filename="CvFractal.h" />
		<Unit filename="CvGame.h" />
		<Unit filename="CvGameAI.h" />
		<Unit filename="CvGameCoreDLL.h" />
		<Unit filename="CvGameCoreDLLDefNew.h" />
		<Unit filename="CvGameCoreDLLUndefNew.h" />
		<Unit filename="CvGameCoreUtils.h" />
		<Unit filename="CvGameTextMgr.h" />
		<Unit filename="CvGlobals.h" />
		<Unit filename="CvHallOfFameInfo.h" />
		<Unit filename="CvInfos.h" />
		<Unit filename="CvInfoWater.h" />
		<Unit filename="CvInitCore.h" />
		<Unit filename="CvMap.h" />
		<Unit filename="CvMapGenerator.h" />
		<Unit filename="CvMessageControl.h" />
		<Unit filename="CvMessageData.h" />
		<Unit filename="CvPlayer.h" />
		<Unit filename="CvPlayerAI.h" />
		<Unit filename="CvPlot.h" />
		<Unit filename="CvPlotGroup.h" />
		<Unit filename="CvPopupInfo.h" />
		<Unit filename="CvPopupReturn.h" />
		<Unit filename="CvRandom.h" />
		<Unit filename="CvReplayInfo.h" />
		<Unit filename="CvReplayMessage.h" />
		<Unit filename="CvSelectionGroup.h" />
		<Unit filename="CvSelectionGroupAI.h" />
		<Unit filename="CvStatistics.h" />
		<Unit filename="CvString.h" />
		<Unit filename="CvStructs.h" />
		<Unit filename="CvTalkingHeadMessage.h" />
		<Unit filename="CvTeam.h" />
		<Unit filename="CvTeamAI.h" />
		<Unit filename="CvUnit.h" />
		<Unit filename="CvUnitAI.h" />
		<Unit filename="CvXMLLoadUtility.h" />
		<Unit filename="CvXMLLoadUtilityModTools.h" />
		<Unit filename="CvXMLLoadUtilitySetMod.h" />
		<Unit filename="CyArea.h" />
		<Unit filename="CyArgsList.h" />
		<Unit filename="CyArtFileMgr.h" />
		<Unit filename="CyCity.h" />
		<Unit filename="CyDeal.h" />
		<Unit filename="CyGame.h" />
		<Unit filename="CyGameCoreUtils.h" />
		<Unit filename="CyGameTextMgr.h" />
		<Unit filename="CyGlobalContext.h" />
		<Unit filename="CyHallOfFameInfo.h" />
		<Unit filename="CyMap.h" />
		<Unit filename="CyMapGenerator.h" />
		<Unit filename="CyMessageControl.h" />
		<Unit filename="CyPlayer.h" />
		<Unit filename="CyPlot.h" />
		<Unit filename="CyReplayInfo.h" />
		<Unit filename="CySelectionGroup.h" />
		<Unit filename="CyTeam.h" />
		<Unit filename="CyUnit.h" />
		<Unit filename="FAssert.h" />
		<Unit filename="FAStarNode.h" />
		<Unit filename="FDataStreamBase.h" />
		<Unit filename="FDialogTemplate.h" />
		<Unit filename="FFreeListArray.h" />
		<Unit filename="FFreeListArrayBase.h" />
		<Unit filename="FFreeListTrashArray.h" />
		<Unit filename="FInputDevice.h" />
		<Unit filename="FProfiler.h" />
		<Unit filename="FVariableSystem.h" />
		<Unit filename="FVariableSystem.inl" />
		<Unit filename="interfaceDirtyBits.inl" />
		<Unit filename="LinkedList.h" />
		<Unit filename="resource.h" />
		<Extensions>
			<code_completion />
			<debugger />
		</Extensions>
	</Project>
</CodeBlocks_project_file>
